Microsoft Visual Studio Solution File, Format Version 12.00
# Visual Studio Version 16
VisualStudioVersion = 16.0.0.0
MinimumVisualStudioVersion = 16.0.0.0
Project("{9A19103F-16F7-4668-BE54-9A1E7A4F7556}") = "blazorApp.Server", "Server\blazorApp.Server.csproj", "{DA6D344A-67FF-40C7-8609-C12E4AB71793}"
EndProject
Project("{9A19103F-16F7-4668-BE54-9A1E7A4F7556}") = "blazorApp.Client", "Client\blazorApp.Client.csproj", "{A8CEC78B-FAA1-48D2-81E4-8842D1F0654C}"
EndProject
Project("{9A19103F-16F7-4668-BE54-9A1E7A4F7556}") = "blazorApp.Shared", "Shared\blazorApp.Shared.csproj", "{85CDB309-CCFC-494B-AAEB-C33D9A653334}"
EndProject
Global
	GlobalSection(SolutionConfigurationPlatforms) = preSolution
		Debug|Any CPU = Debug|Any CPU
		Debug|x64 = Debug|x64
		Debug|x86 = Debug|x86
		Release|Any CPU = Release|Any CPU
		Release|x64 = Release|x64
		Release|x86 = Release|x86
	EndGlobalSection
	GlobalSection(ProjectConfigurationPlatforms) = postSolution
		{A8CEC78B-FAA1-48D2-81E4-8842D1F0654C}.Debug|Any CPU.ActiveCfg = Debug|Any CPU
		{A8CEC78B-FAA1-48D2-81E4-8842D1F0654C}.Debug|Any CPU.Build.0 = Debug|Any CPU
		{A8CEC78B-FAA1-48D2-81E4-8842D1F0654C}.Debug|x64.ActiveCfg = Debug|Any CPU
		{A8CEC78B-FAA1-48D2-81E4-8842D1F0654C}.Debug|x64.Build.0 = Debug|Any CPU
		{A8CEC78B-FAA1-48D2-81E4-8842D1F0654C}.Debug|x86.ActiveCfg = Debug|Any CPU
		{A8CEC78B-FAA1-48D2-81E4-8842D1F0654C}.Debug|x86.Build.0 = Debug|Any CPU
		{A8CEC78B-FAA1-48D2-81E4-8842D1F0654C}.Release|Any CPU.ActiveCfg = Release|Any CPU
		{A8CEC78B-FAA1-48D2-81E4-8842D1F0654C}.Release|Any CPU.Build.0 = Release|Any CPU
		{A8CEC78B-FAA1-48D2-81E4-8842D1F0654C}.Release|x64.ActiveCfg = Release|Any CPU
		{A8CEC78B-FAA1-48D2-81E4-8842D1F0654C}.Release|x64.Build.0 = Release|Any CPU
		{A8CEC78B-FAA1-48D2-81E4-8842D1F0654C}.Release|x86.ActiveCfg = Release|Any CPU
		{A8CEC78B-FAA1-48D2-81E4-8842D1F0654C}.Release|x86.Build.0 = Release|Any CPU
		{DA6D344A-67FF-40C7-8609-C12E4AB71793}.Debug|Any CPU.ActiveCfg = Debug|Any CPU
		{DA6D344A-67FF-40C7-8609-C12E4AB71793}.Debug|Any CPU.Build.0 = Debug|Any CPU
		{DA6D344A-67FF-40C7-8609-C12E4AB71793}.Debug|x64.ActiveCfg = Debug|Any CPU
		{DA6D344A-67FF-40C7-8609-C12E4AB71793}.Debug|x64.Build.0 = Debug|Any CPU
		{DA6D344A-67FF-40C7-8609-C12E4AB71793}.Debug|x86.ActiveCfg = Debug|Any CPU
		{DA6D344A-67FF-40C7-8609-C12E4AB71793}.Debug|x86.Build.0 = Debug|Any CPU
		{DA6D344A-67FF-40C7-8609-C12E4AB71793}.Release|Any CPU.ActiveCfg = Release|Any CPU
		{DA6D344A-67FF-40C7-8609-C12E4AB71793}.Release|Any CPU.Build.0 = Release|Any CPU
		{DA6D344A-67FF-40C7-8609-C12E4AB71793}.Release|x64.ActiveCfg = Release|Any CPU
		{DA6D344A-67FF-40C7-8609-C12E4AB71793}.Release|x64.Build.0 = Release|Any CPU
		{DA6D344A-67FF-40C7-8609-C12E4AB71793}.Release|x86.ActiveCfg = Release|Any CPU
		{DA6D344A-67FF-40C7-8609-C12E4AB71793}.Release|x86.Build.0 = Release|Any CPU
		{85CDB309-CCFC-494B-AAEB-C33D9A653334}.Debug|Any CPU.ActiveCfg = Debug|Any CPU
		{85CDB309-CCFC-494B-AAEB-C33D9A653334}.Debug|Any CPU.Build.0 = Debug|Any CPU
		{85CDB309-CCFC-494B-AAEB-C33D9A653334}.Debug|x64.ActiveCfg = Debug|Any CPU
		{85CDB309-CCFC-494B-AAEB-C33D9A653334}.Debug|x64.Build.0 = Debug|Any CPU
		{85CDB309-CCFC-494B-AAEB-C33D9A653334}.Debug|x86.ActiveCfg = Debug|Any CPU
		{85CDB309-CCFC-494B-AAEB-C33D9A653334}.Debug|x86.Build.0 = Debug|Any CPU
		{85CDB309-CCFC-494B-AAEB-C33D9A653334}.Release|Any CPU.ActiveCfg = Release|Any CPU
		{85CDB309-CCFC-494B-AAEB-C33D9A653334}.Release|Any CPU.Build.0 = Release|Any CPU
		{85CDB309-CCFC-494B-AAEB-C33D9A653334}.Release|x64.ActiveCfg = Release|Any CPU
		{85CDB309-CCFC-494B-AAEB-C33D9A653334}.Release|x64.Build.0 = Release|Any CPU
		{85CDB309-CCFC-494B-AAEB-C33D9A653334}.Release|x86.ActiveCfg = Release|Any CPU
		{85CDB309-CCFC-494B-AAEB-C33D9A653334}.Release|x86.Build.0 = Release|Any CPU
	EndGlobalSection
	GlobalSection(SolutionProperties) = preSolution
		HideSolutionNode = FALSE
	EndGlobalSection
	GlobalSection(ExtensibilityGlobals) = postSolution
		SolutionGuid = {72403423-B342-4BF7-8DC7-795F2BAEBEBB}
	EndGlobalSection
EndGlobal